// !$*UTF8*$!
{
	archiveVersion = 1;
	classes = {
	};
	objectVersion = 50;
	objects = {

/* Begin PBXBuildFile section */
		36A3FC702585F1620059BEA7 /* EqualizerConfiguration.swift in Sources */ = {isa = PBXBuildFile; fileRef = 36A3FC6F2585F1620059BEA7 /* EqualizerConfiguration.swift */; };
		36A3FC9625861DBE0059BEA7 /* EqualizerSavedConfiguration+CoreDataClass.swift in Sources */ = {isa = PBXBuildFile; fileRef = 36A3FC9225861DBE0059BEA7 /* EqualizerSavedConfiguration+CoreDataClass.swift */; };
		36A3FC9725861DBE0059BEA7 /* EqualizerSavedConfiguration+CoreDataProperties.swift in Sources */ = {isa = PBXBuildFile; fileRef = 36A3FC9325861DBE0059BEA7 /* EqualizerSavedConfiguration+CoreDataProperties.swift */; };
		36A3FC9825861DBE0059BEA7 /* FrequencySetting+CoreDataClass.swift in Sources */ = {isa = PBXBuildFile; fileRef = 36A3FC9425861DBE0059BEA7 /* FrequencySetting+CoreDataClass.swift */; };
		36A3FC9925861DBE0059BEA7 /* FrequencySetting+CoreDataProperties.swift in Sources */ = {isa = PBXBuildFile; fileRef = 36A3FC9525861DBE0059BEA7 /* FrequencySetting+CoreDataProperties.swift */; };
		36B336C425859E080089E293 /* Equalizer.swift in Sources */ = {isa = PBXBuildFile; fileRef = 36B336C325859E080089E293 /* Equalizer.swift */; };
		36B336C82585B5AA0089E293 /* Player.swift in Sources */ = {isa = PBXBuildFile; fileRef = 36B336C72585B5AA0089E293 /* Player.swift */; };
		36D164982577BA430048D59E /* Thread+Async.swift in Sources */ = {isa = PBXBuildFile; fileRef = 36D164962577BA430048D59E /* Thread+Async.swift */; };
		36D164992577BA430048D59E /* AudioController.swift in Sources */ = {isa = PBXBuildFile; fileRef = 36D164972577BA430048D59E /* AudioController.swift */; };
		36D164AC2577BF5C0048D59E /* EqualizerBand.swift in Sources */ = {isa = PBXBuildFile; fileRef = 36D164AB2577BF5C0048D59E /* EqualizerBand.swift */; };
		36D164B12577D8CF0048D59E /* song.mp3 in Resources */ = {isa = PBXBuildFile; fileRef = 36D164B02577D8CE0048D59E /* song.mp3 */; };
		36D164B52577DB7E0048D59E /* EqualizerViewController.swift in Sources */ = {isa = PBXBuildFile; fileRef = 36D164B42577DB7E0048D59E /* EqualizerViewController.swift */; };
		36D164B92577DBB70048D59E /* HomeScreenViewController.swift in Sources */ = {isa = PBXBuildFile; fileRef = 36D164B82577DBB70048D59E /* HomeScreenViewController.swift */; };
		90213107256A190A007FDF56 /* AppDelegate.swift in Sources */ = {isa = PBXBuildFile; fileRef = 90213106256A190A007FDF56 /* AppDelegate.swift */; };
		90213109256A190A007FDF56 /* SceneDelegate.swift in Sources */ = {isa = PBXBuildFile; fileRef = 90213108256A190A007FDF56 /* SceneDelegate.swift */; };
		9021310E256A190A007FDF56 /* Main.storyboard in Resources */ = {isa = PBXBuildFile; fileRef = 9021310C256A190A007FDF56 /* Main.storyboard */; };
		90213110256A190C007FDF56 /* Assets.xcassets in Resources */ = {isa = PBXBuildFile; fileRef = 9021310F256A190C007FDF56 /* Assets.xcassets */; };
		90213113256A190C007FDF56 /* LaunchScreen.storyboard in Resources */ = {isa = PBXBuildFile; fileRef = 90213111256A190C007FDF56 /* LaunchScreen.storyboard */; };
		90213122256A1B6C007FDF56 /* Equal-Sounds.xcdatamodeld in Sources */ = {isa = PBXBuildFile; fileRef = 90213120256A1B6C007FDF56 /* Equal-Sounds.xcdatamodeld */; };
		905594BD2588972B00040189 /* AddConfigurationViewController.swift in Sources */ = {isa = PBXBuildFile; fileRef = 905594BC2588972B00040189 /* AddConfigurationViewController.swift */; };
		905594C025889A2400040189 /* ConfigurationTableViewController.swift in Sources */ = {isa = PBXBuildFile; fileRef = 905594BF25889A2400040189 /* ConfigurationTableViewController.swift */; };
		905594C425889B8300040189 /* ConfigurationTableViewCell.swift in Sources */ = {isa = PBXBuildFile; fileRef = 905594C325889B8300040189 /* ConfigurationTableViewCell.swift */; };
		90F1FE2D2585ABFB002BCFB2 /* Song.swift in Sources */ = {isa = PBXBuildFile; fileRef = 90F1FE2C2585ABFB002BCFB2 /* Song.swift */; };
		90F1FE302585ACAE002BCFB2 /* NowPlayingViewController.swift in Sources */ = {isa = PBXBuildFile; fileRef = 90F1FE2F2585ACAE002BCFB2 /* NowPlayingViewController.swift */; };
		90F1FE332585B6AB002BCFB2 /* SongTableViewController.swift in Sources */ = {isa = PBXBuildFile; fileRef = 90F1FE322585B6AB002BCFB2 /* SongTableViewController.swift */; };
		90F1FE362585B7B7002BCFB2 /* SongTableViewCell.swift in Sources */ = {isa = PBXBuildFile; fileRef = 90F1FE352585B7B7002BCFB2 /* SongTableViewCell.swift */; };
/* End PBXBuildFile section */

/* Begin PBXFileReference section */
		36A3FC6F2585F1620059BEA7 /* EqualizerConfiguration.swift */ = {isa = PBXFileReference; lastKnownFileType = sourcecode.swift; path = EqualizerConfiguration.swift; sourceTree = "<group>"; };
		36A3FC9225861DBE0059BEA7 /* EqualizerSavedConfiguration+CoreDataClass.swift */ = {isa = PBXFileReference; lastKnownFileType = sourcecode.swift; path = "EqualizerSavedConfiguration+CoreDataClass.swift"; sourceTree = "<group>"; };
		36A3FC9325861DBE0059BEA7 /* EqualizerSavedConfiguration+CoreDataProperties.swift */ = {isa = PBXFileReference; lastKnownFileType = sourcecode.swift; path = "EqualizerSavedConfiguration+CoreDataProperties.swift"; sourceTree = "<group>"; };
		36A3FC9425861DBE0059BEA7 /* FrequencySetting+CoreDataClass.swift */ = {isa = PBXFileReference; lastKnownFileType = sourcecode.swift; path = "FrequencySetting+CoreDataClass.swift"; sourceTree = "<group>"; };
		36A3FC9525861DBE0059BEA7 /* FrequencySetting+CoreDataProperties.swift */ = {isa = PBXFileReference; lastKnownFileType = sourcecode.swift; path = "FrequencySetting+CoreDataProperties.swift"; sourceTree = "<group>"; };
		36B336C325859E080089E293 /* Equalizer.swift */ = {isa = PBXFileReference; lastKnownFileType = sourcecode.swift; path = Equalizer.swift; sourceTree = "<group>"; };
		36B336C72585B5AA0089E293 /* Player.swift */ = {isa = PBXFileReference; lastKnownFileType = sourcecode.swift; path = Player.swift; sourceTree = "<group>"; };
		36D164962577BA430048D59E /* Thread+Async.swift */ = {isa = PBXFileReference; fileEncoding = 4; lastKnownFileType = sourcecode.swift; path = "Thread+Async.swift"; sourceTree = "<group>"; };
		36D164972577BA430048D59E /* AudioController.swift */ = {isa = PBXFileReference; fileEncoding = 4; lastKnownFileType = sourcecode.swift; path = AudioController.swift; sourceTree = "<group>"; };
		36D164AB2577BF5C0048D59E /* EqualizerBand.swift */ = {isa = PBXFileReference; lastKnownFileType = sourcecode.swift; path = EqualizerBand.swift; sourceTree = "<group>"; };
		36D164B02577D8CE0048D59E /* song.mp3 */ = {isa = PBXFileReference; lastKnownFileType = audio.mp3; path = song.mp3; sourceTree = "<group>"; };
		36D164B42577DB7E0048D59E /* EqualizerViewController.swift */ = {isa = PBXFileReference; fileEncoding = 4; lastKnownFileType = sourcecode.swift; path = EqualizerViewController.swift; sourceTree = "<group>"; };
		36D164B82577DBB70048D59E /* HomeScreenViewController.swift */ = {isa = PBXFileReference; fileEncoding = 4; lastKnownFileType = sourcecode.swift; path = HomeScreenViewController.swift; sourceTree = "<group>"; };
		90213103256A190A007FDF56 /* equal sounds.app */ = {isa = PBXFileReference; explicitFileType = wrapper.application; includeInIndex = 0; path = "equal sounds.app"; sourceTree = BUILT_PRODUCTS_DIR; };
		90213106256A190A007FDF56 /* AppDelegate.swift */ = {isa = PBXFileReference; lastKnownFileType = sourcecode.swift; path = AppDelegate.swift; sourceTree = "<group>"; };
		90213108256A190A007FDF56 /* SceneDelegate.swift */ = {isa = PBXFileReference; lastKnownFileType = sourcecode.swift; path = SceneDelegate.swift; sourceTree = "<group>"; };
		9021310D256A190A007FDF56 /* Base */ = {isa = PBXFileReference; lastKnownFileType = file.storyboard; name = Base; path = Base.lproj/Main.storyboard; sourceTree = "<group>"; };
		9021310F256A190C007FDF56 /* Assets.xcassets */ = {isa = PBXFileReference; lastKnownFileType = folder.assetcatalog; path = Assets.xcassets; sourceTree = "<group>"; };
		90213112256A190C007FDF56 /* Base */ = {isa = PBXFileReference; lastKnownFileType = file.storyboard; name = Base; path = Base.lproj/LaunchScreen.storyboard; sourceTree = "<group>"; };
		90213114256A190C007FDF56 /* Info.plist */ = {isa = PBXFileReference; lastKnownFileType = text.plist.xml; path = Info.plist; sourceTree = "<group>"; };
		90213121256A1B6C007FDF56 /* Equal-Sounds.xcdatamodel */ = {isa = PBXFileReference; lastKnownFileType = wrapper.xcdatamodel; path = "Equal-Sounds.xcdatamodel"; sourceTree = "<group>"; };
		905594BC2588972B00040189 /* AddConfigurationViewController.swift */ = {isa = PBXFileReference; lastKnownFileType = sourcecode.swift; path = AddConfigurationViewController.swift; sourceTree = "<group>"; };
		905594BF25889A2400040189 /* ConfigurationTableViewController.swift */ = {isa = PBXFileReference; lastKnownFileType = sourcecode.swift; path = ConfigurationTableViewController.swift; sourceTree = "<group>"; };
		905594C325889B8300040189 /* ConfigurationTableViewCell.swift */ = {isa = PBXFileReference; lastKnownFileType = sourcecode.swift; path = ConfigurationTableViewCell.swift; sourceTree = "<group>"; };
		90F1FE2C2585ABFB002BCFB2 /* Song.swift */ = {isa = PBXFileReference; lastKnownFileType = sourcecode.swift; path = Song.swift; sourceTree = "<group>"; };
		90F1FE2F2585ACAE002BCFB2 /* NowPlayingViewController.swift */ = {isa = PBXFileReference; lastKnownFileType = sourcecode.swift; path = NowPlayingViewController.swift; sourceTree = "<group>"; };
		90F1FE322585B6AB002BCFB2 /* SongTableViewController.swift */ = {isa = PBXFileReference; lastKnownFileType = sourcecode.swift; path = SongTableViewController.swift; sourceTree = "<group>"; };
		90F1FE352585B7B7002BCFB2 /* SongTableViewCell.swift */ = {isa = PBXFileReference; lastKnownFileType = sourcecode.swift; path = SongTableViewCell.swift; sourceTree = "<group>"; };
/* End PBXFileReference section */

/* Begin PBXFrameworksBuildPhase section */
		90213100256A190A007FDF56 /* Frameworks */ = {
			isa = PBXFrameworksBuildPhase;
			buildActionMask = 2147483647;
			files = (
			);
			runOnlyForDeploymentPostprocessing = 0;
		};
/* End PBXFrameworksBuildPhase section */

/* Begin PBXGroup section */
		902130FA256A190A007FDF56 = {
			isa = PBXGroup;
			children = (
				36A3FC9225861DBE0059BEA7 /* EqualizerSavedConfiguration+CoreDataClass.swift */,
				36A3FC9325861DBE0059BEA7 /* EqualizerSavedConfiguration+CoreDataProperties.swift */,
				36A3FC9425861DBE0059BEA7 /* FrequencySetting+CoreDataClass.swift */,
				36A3FC9525861DBE0059BEA7 /* FrequencySetting+CoreDataProperties.swift */,
				36D164B02577D8CE0048D59E /* song.mp3 */,
				90213105256A190A007FDF56 /* equal sounds */,
				90213104256A190A007FDF56 /* Products */,
			);
			sourceTree = "<group>";
		};
		90213104256A190A007FDF56 /* Products */ = {
			isa = PBXGroup;
			children = (
				90213103256A190A007FDF56 /* equal sounds.app */,
			);
			name = Products;
			sourceTree = "<group>";
		};
		90213105256A190A007FDF56 /* equal sounds */ = {
			isa = PBXGroup;
			children = (
				905594BC2588972B00040189 /* AddConfigurationViewController.swift */,
				905594BF25889A2400040189 /* ConfigurationTableViewController.swift */,
				905594C325889B8300040189 /* ConfigurationTableViewCell.swift */,
				36D164B82577DBB70048D59E /* HomeScreenViewController.swift */,
				36D164B42577DB7E0048D59E /* EqualizerViewController.swift */,
				36D164972577BA430048D59E /* AudioController.swift */,
				36D164962577BA430048D59E /* Thread+Async.swift */,
				90213106256A190A007FDF56 /* AppDelegate.swift */,
				90213108256A190A007FDF56 /* SceneDelegate.swift */,
				9021310C256A190A007FDF56 /* Main.storyboard */,
				90F1FE2C2585ABFB002BCFB2 /* Song.swift */,
				90F1FE2F2585ACAE002BCFB2 /* NowPlayingViewController.swift */,
				90F1FE322585B6AB002BCFB2 /* SongTableViewController.swift */,
				90F1FE352585B7B7002BCFB2 /* SongTableViewCell.swift */,
				9021310F256A190C007FDF56 /* Assets.xcassets */,
				90213111256A190C007FDF56 /* LaunchScreen.storyboard */,
				90213114256A190C007FDF56 /* Info.plist */,
				90213120256A1B6C007FDF56 /* Equal-Sounds.xcdatamodeld */,
				36D164AB2577BF5C0048D59E /* EqualizerBand.swift */,
				36B336C325859E080089E293 /* Equalizer.swift */,
				36B336C72585B5AA0089E293 /* Player.swift */,
				36A3FC6F2585F1620059BEA7 /* EqualizerConfiguration.swift */,
			);
			path = "equal sounds";
			sourceTree = "<group>";
		};
/* End PBXGroup section */

/* Begin PBXNativeTarget section */
		90213102256A190A007FDF56 /* equal sounds */ = {
			isa = PBXNativeTarget;
			buildConfigurationList = 90213117256A190C007FDF56 /* Build configuration list for PBXNativeTarget "equal sounds" */;
			buildPhases = (
				902130FF256A190A007FDF56 /* Sources */,
				90213100256A190A007FDF56 /* Frameworks */,
				90213101256A190A007FDF56 /* Resources */,
			);
			buildRules = (
			);
			dependencies = (
			);
			name = "equal sounds";
			productName = "equal sounds";
			productReference = 90213103256A190A007FDF56 /* equal sounds.app */;
			productType = "com.apple.product-type.application";
		};
/* End PBXNativeTarget section */

/* Begin PBXProject section */
		902130FB256A190A007FDF56 /* Project object */ = {
			isa = PBXProject;
			attributes = {
				LastSwiftUpdateCheck = 1220;
				LastUpgradeCheck = 1220;
				TargetAttributes = {
					90213102256A190A007FDF56 = {
						CreatedOnToolsVersion = 12.2;
					};
				};
			};
			buildConfigurationList = 902130FE256A190A007FDF56 /* Build configuration list for PBXProject "equal sounds" */;
			compatibilityVersion = "Xcode 9.3";
			developmentRegion = en;
			hasScannedForEncodings = 0;
			knownRegions = (
				en,
				Base,
			);
			mainGroup = 902130FA256A190A007FDF56;
			productRefGroup = 90213104256A190A007FDF56 /* Products */;
			projectDirPath = "";
			projectRoot = "";
			targets = (
				90213102256A190A007FDF56 /* equal sounds */,
			);
		};
/* End PBXProject section */

/* Begin PBXResourcesBuildPhase section */
		90213101256A190A007FDF56 /* Resources */ = {
			isa = PBXResourcesBuildPhase;
			buildActionMask = 2147483647;
			files = (
				90213113256A190C007FDF56 /* LaunchScreen.storyboard in Resources */,
				36D164B12577D8CF0048D59E /* song.mp3 in Resources */,
				90213110256A190C007FDF56 /* Assets.xcassets in Resources */,
				9021310E256A190A007FDF56 /* Main.storyboard in Resources */,
			);
			runOnlyForDeploymentPostprocessing = 0;
		};
/* End PBXResourcesBuildPhase section */

/* Begin PBXSourcesBuildPhase section */
		902130FF256A190A007FDF56 /* Sources */ = {
			isa = PBXSourcesBuildPhase;
			buildActionMask = 2147483647;
			files = (
				36A3FC702585F1620059BEA7 /* EqualizerConfiguration.swift in Sources */,
				36A3FC9825861DBE0059BEA7 /* FrequencySetting+CoreDataClass.swift in Sources */,
				905594C425889B8300040189 /* ConfigurationTableViewCell.swift in Sources */,
				90F1FE302585ACAE002BCFB2 /* NowPlayingViewController.swift in Sources */,
				36D164B52577DB7E0048D59E /* EqualizerViewController.swift in Sources */,
				90213107256A190A007FDF56 /* AppDelegate.swift in Sources */,
				36B336C82585B5AA0089E293 /* Player.swift in Sources */,
				36D164AC2577BF5C0048D59E /* EqualizerBand.swift in Sources */,
				905594BD2588972B00040189 /* AddConfigurationViewController.swift in Sources */,
				90F1FE2D2585ABFB002BCFB2 /* Song.swift in Sources */,
				905594C025889A2400040189 /* ConfigurationTableViewController.swift in Sources */,
				90213122256A1B6C007FDF56 /* Equal-Sounds.xcdatamodeld in Sources */,
				36D164992577BA430048D59E /* AudioController.swift in Sources */,
				36A3FC9725861DBE0059BEA7 /* EqualizerSavedConfiguration+CoreDataProperties.swift in Sources */,
				36D164982577BA430048D59E /* Thread+Async.swift in Sources */,
				90F1FE362585B7B7002BCFB2 /* SongTableViewCell.swift in Sources */,
				36A3FC9625861DBE0059BEA7 /* EqualizerSavedConfiguration+CoreDataClass.swift in Sources */,
				90F1FE332585B6AB002BCFB2 /* SongTableViewController.swift in Sources */,
				36B336C425859E080089E293 /* Equalizer.swift in Sources */,
				90213109256A190A007FDF56 /* SceneDelegate.swift in Sources */,
				36A3FC9925861DBE0059BEA7 /* FrequencySetting+CoreDataProperties.swift in Sources */,
				36D164B92577DBB70048D59E /* HomeScreenViewController.swift in Sources */,
			);
			runOnlyForDeploymentPostprocessing = 0;
		};
/* End PBXSourcesBuildPhase section */

/* Begin PBXVariantGroup section */
		9021310C256A190A007FDF56 /* Main.storyboard */ = {
			isa = PBXVariantGroup;
			children = (
				9021310D256A190A007FDF56 /* Base */,
			);
			name = Main.storyboard;
			sourceTree = "<group>";
		};
		90213111256A190C007FDF56 /* LaunchScreen.storyboard */ = {
			isa = PBXVariantGroup;
			children = (
				90213112256A190C007FDF56 /* Base */,
			);
			name = LaunchScreen.storyboard;
			sourceTree = "<group>";
		};
/* End PBXVariantGroup section */

/* Begin XCBuildConfiguration section */
		90213115256A190C007FDF56 /* Debug */ = {
			isa = XCBuildConfiguration;
			buildSettings = {
				ALWAYS_SEARCH_USER_PATHS = NO;
				CLANG_ANALYZER_NONNULL = YES;
				CLANG_ANALYZER_NUMBER_OBJECT_CONVERSION = YES_AGGRESSIVE;
				CLANG_CXX_LANGUAGE_STANDARD = "gnu++14";
				CLANG_CXX_LIBRARY = "libc++";
				CLANG_ENABLE_MODULES = YES;
				CLANG_ENABLE_OBJC_ARC = YES;
				CLANG_ENABLE_OBJC_WEAK = YES;
				CLANG_WARN_BLOCK_CAPTURE_AUTORELEASING = YES;
				CLANG_WARN_BOOL_CONVERSION = YES;
				CLANG_WARN_COMMA = YES;
				CLANG_WARN_CONSTANT_CONVERSION = YES;
				CLANG_WARN_DEPRECATED_OBJC_IMPLEMENTATIONS = YES;
				CLANG_WARN_DIRECT_OBJC_ISA_USAGE = YES_ERROR;
				CLANG_WARN_DOCUMENTATION_COMMENTS = YES;
				CLANG_WARN_EMPTY_BODY = YES;
				CLANG_WARN_ENUM_CONVERSION = YES;
				CLANG_WARN_INFINITE_RECURSION = YES;
				CLANG_WARN_INT_CONVERSION = YES;
				CLANG_WARN_NON_LITERAL_NULL_CONVERSION = YES;
				CLANG_WARN_OBJC_IMPLICIT_RETAIN_SELF = YES;
				CLANG_WARN_OBJC_LITERAL_CONVERSION = YES;
				CLANG_WARN_OBJC_ROOT_CLASS = YES_ERROR;
				CLANG_WARN_QUOTED_INCLUDE_IN_FRAMEWORK_HEADER = YES;
				CLANG_WARN_RANGE_LOOP_ANALYSIS = YES;
				CLANG_WARN_STRICT_PROTOTYPES = YES;
				CLANG_WARN_SUSPICIOUS_MOVE = YES;
				CLANG_WARN_UNGUARDED_AVAILABILITY = YES_AGGRESSIVE;
				CLANG_WARN_UNREACHABLE_CODE = YES;
				CLANG_WARN__DUPLICATE_METHOD_MATCH = YES;
				COPY_PHASE_STRIP = NO;
				DEBUG_INFORMATION_FORMAT = dwarf;
				ENABLE_STRICT_OBJC_MSGSEND = YES;
				ENABLE_TESTABILITY = YES;
				GCC_C_LANGUAGE_STANDARD = gnu11;
				GCC_DYNAMIC_NO_PIC = NO;
				GCC_NO_COMMON_BLOCKS = YES;
				GCC_OPTIMIZATION_LEVEL = 0;
				GCC_PREPROCESSOR_DEFINITIONS = (
					"DEBUG=1",
					"$(inherited)",
				);
				GCC_WARN_64_TO_32_BIT_CONVERSION = YES;
				GCC_WARN_ABOUT_RETURN_TYPE = YES_ERROR;
				GCC_WARN_UNDECLARED_SELECTOR = YES;
				GCC_WARN_UNINITIALIZED_AUTOS = YES_AGGRESSIVE;
				GCC_WARN_UNUSED_FUNCTION = YES;
				GCC_WARN_UNUSED_VARIABLE = YES;
				IPHONEOS_DEPLOYMENT_TARGET = 14.2;
				MTL_ENABLE_DEBUG_INFO = INCLUDE_SOURCE;
				MTL_FAST_MATH = YES;
				ONLY_ACTIVE_ARCH = YES;
				SDKROOT = iphoneos;
				SWIFT_ACTIVE_COMPILATION_CONDITIONS = DEBUG;
				SWIFT_OPTIMIZATION_LEVEL = "-Onone";
			};
			name = Debug;
		};
		90213116256A190C007FDF56 /* Release */ = {
			isa = XCBuildConfiguration;
			buildSettings = {
				ALWAYS_SEARCH_USER_PATHS = NO;
				CLANG_ANALYZER_NONNULL = YES;
				CLANG_ANALYZER_NUMBER_OBJECT_CONVERSION = YES_AGGRESSIVE;
				CLANG_CXX_LANGUAGE_STANDARD = "gnu++14";
				CLANG_CXX_LIBRARY = "libc++";
				CLANG_ENABLE_MODULES = YES;
				CLANG_ENABLE_OBJC_ARC = YES;
				CLANG_ENABLE_OBJC_WEAK = YES;
				CLANG_WARN_BLOCK_CAPTURE_AUTORELEASING = YES;
				CLANG_WARN_BOOL_CONVERSION = YES;
				CLANG_WARN_COMMA = YES;
				CLANG_WARN_CONSTANT_CONVERSION = YES;
				CLANG_WARN_DEPRECATED_OBJC_IMPLEMENTATIONS = YES;
				CLANG_WARN_DIRECT_OBJC_ISA_USAGE = YES_ERROR;
				CLANG_WARN_DOCUMENTATION_COMMENTS = YES;
				CLANG_WARN_EMPTY_BODY = YES;
				CLANG_WARN_ENUM_CONVERSION = YES;
				CLANG_WARN_INFINITE_RECURSION = YES;
				CLANG_WARN_INT_CONVERSION = YES;
				CLANG_WARN_NON_LITERAL_NULL_CONVERSION = YES;
				CLANG_WARN_OBJC_IMPLICIT_RETAIN_SELF = YES;
				CLANG_WARN_OBJC_LITERAL_CONVERSION = YES;
				CLANG_WARN_OBJC_ROOT_CLASS = YES_ERROR;
				CLANG_WARN_QUOTED_INCLUDE_IN_FRAMEWORK_HEADER = YES;
				CLANG_WARN_RANGE_LOOP_ANALYSIS = YES;
				CLANG_WARN_STRICT_PROTOTYPES = YES;
				CLANG_WARN_SUSPICIOUS_MOVE = YES;
				CLANG_WARN_UNGUARDED_AVAILABILITY = YES_AGGRESSIVE;
				CLANG_WARN_UNREACHABLE_CODE = YES;
				CLANG_WARN__DUPLICATE_METHOD_MATCH = YES;
				COPY_PHASE_STRIP = NO;
				DEBUG_INFORMATION_FORMAT = "dwarf-with-dsym";
				ENABLE_NS_ASSERTIONS = NO;
				ENABLE_STRICT_OBJC_MSGSEND = YES;
				GCC_C_LANGUAGE_STANDARD = gnu11;
				GCC_NO_COMMON_BLOCKS = YES;
				GCC_WARN_64_TO_32_BIT_CONVERSION = YES;
				GCC_WARN_ABOUT_RETURN_TYPE = YES_ERROR;
				GCC_WARN_UNDECLARED_SELECTOR = YES;
				GCC_WARN_UNINITIALIZED_AUTOS = YES_AGGRESSIVE;
				GCC_WARN_UNUSED_FUNCTION = YES;
				GCC_WARN_UNUSED_VARIABLE = YES;
				IPHONEOS_DEPLOYMENT_TARGET = 14.2;
				MTL_ENABLE_DEBUG_INFO = NO;
				MTL_FAST_MATH = YES;
				SDKROOT = iphoneos;
				SWIFT_COMPILATION_MODE = wholemodule;
				SWIFT_OPTIMIZATION_LEVEL = "-O";
				VALIDATE_PRODUCT = YES;
			};
			name = Release;
		};
		90213118256A190C007FDF56 /* Debug */ = {
			isa = XCBuildConfiguration;
			buildSettings = {
				ASSETCATALOG_COMPILER_APPICON_NAME = AppIcon;
				ASSETCATALOG_COMPILER_GLOBAL_ACCENT_COLOR_NAME = AccentColor;
				CODE_SIGN_STYLE = Automatic;
				DEVELOPMENT_TEAM = GUYPJD4NUE;
				INFOPLIST_FILE = "equal sounds/Info.plist";
				IPHONEOS_DEPLOYMENT_TARGET = 14.1;
				LD_RUNPATH_SEARCH_PATHS = (
					"$(inherited)",
					"@executable_path/Frameworks",
				);
				PRODUCT_BUNDLE_IDENTIFIER = "com.Brandon.clark.equal-sounds";
				PRODUCT_NAME = "$(TARGET_NAME)";
				SWIFT_VERSION = 5.0;
				TARGETED_DEVICE_FAMILY = "1,2";
			};
			name = Debug;
		};
		90213119256A190C007FDF56 /* Release */ = {
			isa = XCBuildConfiguration;
			buildSettings = {
				ASSETCATALOG_COMPILER_APPICON_NAME = AppIcon;
				ASSETCATALOG_COMPILER_GLOBAL_ACCENT_COLOR_NAME = AccentColor;
				CODE_SIGN_STYLE = Automatic;
				DEVELOPMENT_TEAM = GUYPJD4NUE;
				INFOPLIST_FILE = "equal sounds/Info.plist";
				IPHONEOS_DEPLOYMENT_TARGET = 14.1;
				LD_RUNPATH_SEARCH_PATHS = (
					"$(inherited)",
					"@executable_path/Frameworks",
				);
				PRODUCT_BUNDLE_IDENTIFIER = "com.Brandon.clark.equal-sounds";
				PRODUCT_NAME = "$(TARGET_NAME)";
				SWIFT_VERSION = 5.0;
				TARGETED_DEVICE_FAMILY = "1,2";
			};
			name = Release;
		};
/* End XCBuildConfiguration section */

/* Begin XCConfigurationList section */
		902130FE256A190A007FDF56 /* Build configuration list for PBXProject "equal sounds" */ = {
			isa = XCConfigurationList;
			buildConfigurations = (
				90213115256A190C007FDF56 /* Debug */,
				90213116256A190C007FDF56 /* Release */,
			);
			defaultConfigurationIsVisible = 0;
			defaultConfigurationName = Release;
		};
		90213117256A190C007FDF56 /* Build configuration list for PBXNativeTarget "equal sounds" */ = {
			isa = XCConfigurationList;
			buildConfigurations = (
				90213118256A190C007FDF56 /* Debug */,
				90213119256A190C007FDF56 /* Release */,
			);
			defaultConfigurationIsVisible = 0;
			defaultConfigurationName = Release;
		};
/* End XCConfigurationList section */

/* Begin XCVersionGroup section */
		90213120256A1B6C007FDF56 /* Equal-Sounds.xcdatamodeld */ = {
			isa = XCVersionGroup;
			children = (
				90213121256A1B6C007FDF56 /* Equal-Sounds.xcdatamodel */,
			);
			currentVersion = 90213121256A1B6C007FDF56 /* Equal-Sounds.xcdatamodel */;
			path = "Equal-Sounds.xcdatamodeld";
			sourceTree = "<group>";
			versionGroupType = wrapper.xcdatamodel;
		};
/* End XCVersionGroup section */
	};
	rootObject = 902130FB256A190A007FDF56 /* Project object */;
}
